
Microsoft Visual Studio Solution File, Format Version 12.00
# Visual Studio 15
VisualStudioVersion = 15.0.28010.2046
MinimumVisualStudioVersion = 10.0.40219.1
Project("{FAE04EC0-301F-11D3-BF4B-00C04F79EFBC}") = "JWT", "JWT\JWT.csproj", "{8C397372-6CF2-4882-A811-EF30709A698C}"
EndProject
Global
	GlobalSection(SolutionConfigurationPlatforms) = preSolution
		Debug|Any CPU = Debug|Any CPU
		Release|Any CPU = Release|Any CPU
	EndGlobalSection
	GlobalSection(ProjectConfigurationPlatforms) = postSolution
		{8C397372-6CF2-4882-A811-EF30709A698C}.Debug|Any CPU.ActiveCfg = Debug|Any CPU
		{8C397372-6CF2-4882-A811-EF30709A698C}.Debug|Any CPU.Build.0 = Debug|Any CPU
		{8C397372-6CF2-4882-A811-EF30709A698C}.Release|Any CPU.ActiveCfg = Release|Any CPU
		{8C397372-6CF2-4882-A811-EF30709A698C}.Release|Any CPU.Build.0 = Release|Any CPU
	EndGlobalSection
	GlobalSection(SolutionProperties) = preSolution
		HideSolutionNode = FALSE
	EndGlobalSection
	GlobalSection(ExtensibilityGlobals) = postSolution
		SolutionGuid = {47EEB662-E26C-4E66-86DF-9C252AA6B491}
	EndGlobalSection
EndGlobal
