
Microsoft Visual Studio Solution File, Format Version 12.00
# Visual Studio 15
VisualStudioVersion = 15.0.28010.2046
MinimumVisualStudioVersion = 10.0.40219.1
Project("{FAE04EC0-301F-11D3-BF4B-00C04F79EFBC}") = "Wpf_with_MongoDB", "Wpf_with_MongoDB\Wpf_with_MongoDB.csproj", "{400F43DE-6455-4B5A-B115-D11A9970E27E}"
EndProject
Global
	GlobalSection(SolutionConfigurationPlatforms) = preSolution
		Debug|Any CPU = Debug|Any CPU
		Release|Any CPU = Release|Any CPU
	EndGlobalSection
	GlobalSection(ProjectConfigurationPlatforms) = postSolution
		{400F43DE-6455-4B5A-B115-D11A9970E27E}.Debug|Any CPU.ActiveCfg = Debug|Any CPU
		{400F43DE-6455-4B5A-B115-D11A9970E27E}.Debug|Any CPU.Build.0 = Debug|Any CPU
		{400F43DE-6455-4B5A-B115-D11A9970E27E}.Release|Any CPU.ActiveCfg = Release|Any CPU
		{400F43DE-6455-4B5A-B115-D11A9970E27E}.Release|Any CPU.Build.0 = Release|Any CPU
	EndGlobalSection
	GlobalSection(SolutionProperties) = preSolution
		HideSolutionNode = FALSE
	EndGlobalSection
	GlobalSection(ExtensibilityGlobals) = postSolution
		SolutionGuid = {8BD9BF36-7BCF-451F-8D5A-C1EF3EC0DF3E}
	EndGlobalSection
EndGlobal
